
Microsoft Visual Studio Solution File, Format Version 12.00
# Visual Studio Version 17
VisualStudioVersion = 17.3.32819.101
MinimumVisualStudioVersion = 10.0.40219.1
Project("{FAE04EC0-301F-11D3-BF4B-00C04F79EFBC}") = "staker", "staker\staker.csproj", "{8441F7D2-0CED-4201-9AAD-6CC90ECC5EFE}"
EndProject
Global
	GlobalSection(SolutionConfigurationPlatforms) = preSolution
		Debug|Any CPU = Debug|Any CPU
		Release|Any CPU = Release|Any CPU
	EndGlobalSection
	GlobalSection(ProjectConfigurationPlatforms) = postSolution
		{8441F7D2-0CED-4201-9AAD-6CC90ECC5EFE}.Debug|Any CPU.ActiveCfg = Debug|Any CPU
		{8441F7D2-0CED-4201-9AAD-6CC90ECC5EFE}.Debug|Any CPU.Build.0 = Debug|Any CPU
		{8441F7D2-0CED-4201-9AAD-6CC90ECC5EFE}.Release|Any CPU.ActiveCfg = Release|Any CPU
		{8441F7D2-0CED-4201-9AAD-6CC90ECC5EFE}.Release|Any CPU.Build.0 = Release|Any CPU
	EndGlobalSection
	GlobalSection(SolutionProperties) = preSolution
		HideSolutionNode = FALSE
	EndGlobalSection
	GlobalSection(ExtensibilityGlobals) = postSolution
		SolutionGuid = {D82BA1EF-B910-42FD-83D1-0A51B2BCBE90}
	EndGlobalSection
EndGlobal
